
Microsoft Visual Studio Solution File, Format Version 12.00
# Visual Studio Version 16
VisualStudioVersion = 16.0.31129.286
MinimumVisualStudioVersion = 10.0.40219.1
Project("{9A19103F-16F7-4668-BE54-9A1E7A4F7556}") = "ImageTools", "ImageTools\ImageTools.csproj", "{0F670FA9-0D92-4F60-9249-457C90FACC0E}"
EndProject
Project("{9A19103F-16F7-4668-BE54-9A1E7A4F7556}") = "ImageTools.Test", "ImageTools.Test\ImageTools.Test.csproj", "{3B4BF155-78E9-4CA8-A83D-6E473EFC8B06}"
EndProject
Project("{FAE04EC0-301F-11D3-BF4B-00C04F79EFBC}") = "ImageTools.UI", "ImageTools.UI\ImageTools.UI.csproj", "{AB6A7ADE-FE84-488D-A1AE-EF3EDF2F65D3}"
EndProject
Global
	GlobalSection(SolutionConfigurationPlatforms) = preSolution
		Debug|Any CPU = Debug|Any CPU
		Release|Any CPU = Release|Any CPU
	EndGlobalSection
	GlobalSection(ProjectConfigurationPlatforms) = postSolution
		{0F670FA9-0D92-4F60-9249-457C90FACC0E}.Debug|Any CPU.ActiveCfg = Debug|Any CPU
		{0F670FA9-0D92-4F60-9249-457C90FACC0E}.Debug|Any CPU.Build.0 = Debug|Any CPU
		{0F670FA9-0D92-4F60-9249-457C90FACC0E}.Release|Any CPU.ActiveCfg = Release|Any CPU
		{0F670FA9-0D92-4F60-9249-457C90FACC0E}.Release|Any CPU.Build.0 = Release|Any CPU
		{3B4BF155-78E9-4CA8-A83D-6E473EFC8B06}.Debug|Any CPU.ActiveCfg = Debug|Any CPU
		{3B4BF155-78E9-4CA8-A83D-6E473EFC8B06}.Debug|Any CPU.Build.0 = Debug|Any CPU
		{3B4BF155-78E9-4CA8-A83D-6E473EFC8B06}.Release|Any CPU.ActiveCfg = Release|Any CPU
		{3B4BF155-78E9-4CA8-A83D-6E473EFC8B06}.Release|Any CPU.Build.0 = Release|Any CPU
		{AB6A7ADE-FE84-488D-A1AE-EF3EDF2F65D3}.Debug|Any CPU.ActiveCfg = Debug|Any CPU
		{AB6A7ADE-FE84-488D-A1AE-EF3EDF2F65D3}.Debug|Any CPU.Build.0 = Debug|Any CPU
		{AB6A7ADE-FE84-488D-A1AE-EF3EDF2F65D3}.Release|Any CPU.ActiveCfg = Release|Any CPU
		{AB6A7ADE-FE84-488D-A1AE-EF3EDF2F65D3}.Release|Any CPU.Build.0 = Release|Any CPU
	EndGlobalSection
	GlobalSection(SolutionProperties) = preSolution
		HideSolutionNode = FALSE
	EndGlobalSection
	GlobalSection(ExtensibilityGlobals) = postSolution
		SolutionGuid = {0A50D82F-17E1-4647-AA25-3EFCAC413F5B}
	EndGlobalSection
EndGlobal
